Microsoft Visual Studio Solution File, Format Version 11.00
# Visual Studio 10
Project("{FAE04EC0-301F-11D3-BF4B-00C04F79EFBC}") = "WindowsForms_CS", "WindowsForms_CS.csproj", "{410DAF56-BC02-4878-8A91-B70A2E35E0A4}"
EndProject
Global
	GlobalSection(SolutionConfigurationPlatforms) = preSolution
		Debug|Any CPU = Debug|Any CPU
		Release|Any CPU = Release|Any CPU
	EndGlobalSection
	GlobalSection(ProjectConfigurationPlatforms) = postSolution
		{410DAF56-BC02-4878-8A91-B70A2E35E0A4}.Debug|Any CPU.ActiveCfg = Debug|Any CPU
		{410DAF56-BC02-4878-8A91-B70A2E35E0A4}.Debug|Any CPU.Build.0 = Debug|Any CPU
		{410DAF56-BC02-4878-8A91-B70A2E35E0A4}.Release|Any CPU.ActiveCfg = Release|Any CPU
		{410DAF56-BC02-4878-8A91-B70A2E35E0A4}.Release|Any CPU.Build.0 = Release|Any CPU
	EndGlobalSection
	GlobalSection(SolutionProperties) = preSolution
		HideSolutionNode = FALSE
	EndGlobalSection
EndGlobal
