
Microsoft Visual Studio Solution File, Format Version 12.00
# Visual Studio 2013
VisualStudioVersion = 12.0.31101.0
MinimumVisualStudioVersion = 10.0.40219.1
Project("{FAE04EC0-301F-11D3-BF4B-00C04F79EFBC}") = "ASPNET20_CS", "ASPNET20_CS.csproj", "{C0150962-4870-433F-9AB2-02C91F2F9CC2}"
EndProject
Global
	GlobalSection(SolutionConfigurationPlatforms) = preSolution
		Debug|Any CPU = Debug|Any CPU
		Release|Any CPU = Release|Any CPU
	EndGlobalSection
	GlobalSection(ProjectConfigurationPlatforms) = postSolution
		{C0150962-4870-433F-9AB2-02C91F2F9CC2}.Debug|Any CPU.ActiveCfg = Debug|Any CPU
		{C0150962-4870-433F-9AB2-02C91F2F9CC2}.Debug|Any CPU.Build.0 = Debug|Any CPU
		{C0150962-4870-433F-9AB2-02C91F2F9CC2}.Release|Any CPU.ActiveCfg = Release|Any CPU
		{C0150962-4870-433F-9AB2-02C91F2F9CC2}.Release|Any CPU.Build.0 = Release|Any CPU
	EndGlobalSection
	GlobalSection(SolutionProperties) = preSolution
		HideSolutionNode = FALSE
	EndGlobalSection
EndGlobal
