
Microsoft Visual Studio Solution File, Format Version 9.00
# Visual Studio 2005
Project("{E24C65DC-7377-472B-9ABA-BC803B73C61A}") = "D:\...\ASPNET20_VB\", ".", "{E591487A-8D7F-4DC4-B837-C57954F26FBF}"
	ProjectSection(WebsiteProperties) = preProject
		Debug.AspNetCompiler.VirtualPath = "/ASPNET20_VB"
		Debug.AspNetCompiler.PhysicalPath = "..\ASPNET20_VB\"
		Debug.AspNetCompiler.TargetPath = "PrecompiledWeb\ASPNET20_VB\"
		Debug.AspNetCompiler.Updateable = "true"
		Debug.AspNetCompiler.ForceOverwrite = "true"
		Debug.AspNetCompiler.FixedNames = "false"
		Debug.AspNetCompiler.Debug = "True"
		Release.AspNetCompiler.VirtualPath = "/ASPNET20_VB"
		Release.AspNetCompiler.PhysicalPath = "..\ASPNET20_VB\"
		Release.AspNetCompiler.TargetPath = "PrecompiledWeb\ASPNET20_VB\"
		Release.AspNetCompiler.Updateable = "true"
		Release.AspNetCompiler.ForceOverwrite = "true"
		Release.AspNetCompiler.FixedNames = "false"
		Release.AspNetCompiler.Debug = "False"
		VWDPort = "2219"
	EndProjectSection
EndProject
Global
	GlobalSection(SolutionConfigurationPlatforms) = preSolution
		Debug|.NET = Debug|.NET
	EndGlobalSection
	GlobalSection(ProjectConfigurationPlatforms) = postSolution
		{E591487A-8D7F-4DC4-B837-C57954F26FBF}.Debug|.NET.ActiveCfg = Debug|.NET
		{E591487A-8D7F-4DC4-B837-C57954F26FBF}.Debug|.NET.Build.0 = Debug|.NET
	EndGlobalSection
	GlobalSection(SolutionProperties) = preSolution
		HideSolutionNode = FALSE
	EndGlobalSection
EndGlobal
