
Microsoft Visual Studio Solution File, Format Version 10.00
# Visual Studio 2008
Project("{FAE04EC0-301F-11D3-BF4B-00C04F79EFBC}") = "RDLC_Web_CS", "RDLC_Web_CS.csproj", "{C9F9D317-2CA3-48A5-9529-31C8D1C034B7}"
EndProject
Global
	GlobalSection(SolutionConfigurationPlatforms) = preSolution
		Debug|Any CPU = Debug|Any CPU
		Release|Any CPU = Release|Any CPU
	EndGlobalSection
	GlobalSection(ProjectConfigurationPlatforms) = postSolution
		{C9F9D317-2CA3-48A5-9529-31C8D1C034B7}.Debug|Any CPU.ActiveCfg = Debug|Any CPU
		{C9F9D317-2CA3-48A5-9529-31C8D1C034B7}.Debug|Any CPU.Build.0 = Debug|Any CPU
		{C9F9D317-2CA3-48A5-9529-31C8D1C034B7}.Release|Any CPU.ActiveCfg = Release|Any CPU
		{C9F9D317-2CA3-48A5-9529-31C8D1C034B7}.Release|Any CPU.Build.0 = Release|Any CPU
	EndGlobalSection
	GlobalSection(SolutionProperties) = preSolution
		HideSolutionNode = FALSE
	EndGlobalSection
EndGlobal
