
Microsoft Visual Studio Solution File, Format Version 9.00
# Visual Studio 2005
Project("{E24C65DC-7377-472B-9ABA-BC803B73C61A}") = ".", ".", "{E62D58B4-FDA9-4254-93A5-C489BB1E50A3}"
	ProjectSection(WebsiteProperties) = preProject
		Debug.AspNetCompiler.VirtualPath = "/RDLC_Web_VB"
		Debug.AspNetCompiler.PhysicalPath = ".\..\RDLC_Web_VB\"
		Debug.AspNetCompiler.TargetPath = "PrecompiledWeb\RDLC_Web_VB\"
		Debug.AspNetCompiler.Updateable = "true"
		Debug.AspNetCompiler.ForceOverwrite = "true"
		Debug.AspNetCompiler.FixedNames = "false"
		Debug.AspNetCompiler.Debug = "True"
		Release.AspNetCompiler.VirtualPath = "/RDLC_Web_VB"
		Release.AspNetCompiler.PhysicalPath = ".\..\RDLC_Web_VB\"
		Release.AspNetCompiler.TargetPath = "PrecompiledWeb\RDLC_Web_VB\"
		Release.AspNetCompiler.Updateable = "true"
		Release.AspNetCompiler.ForceOverwrite = "true"
		Release.AspNetCompiler.FixedNames = "false"
		Release.AspNetCompiler.Debug = "False"
		VWDPort = "3192"
	EndProjectSection
EndProject
Global
	GlobalSection(SolutionConfigurationPlatforms) = preSolution
		Debug|.NET = Debug|.NET
	EndGlobalSection
	GlobalSection(ProjectConfigurationPlatforms) = postSolution
		{E62D58B4-FDA9-4254-93A5-C489BB1E50A3}.Debug|.NET.ActiveCfg = Debug|.NET
		{E62D58B4-FDA9-4254-93A5-C489BB1E50A3}.Debug|.NET.Build.0 = Debug|.NET
	EndGlobalSection
	GlobalSection(SolutionProperties) = preSolution
		HideSolutionNode = FALSE
	EndGlobalSection
EndGlobal
