
Microsoft Visual Studio Solution File, Format Version 9.00
# Visual Studio 2005
Project("{E24C65DC-7377-472B-9ABA-BC803B73C61A}") = "C:\ASPNET20\", ".", "{B5918E1C-593A-4DA0-8A9F-D0DD38AFF8E9}"
	ProjectSection(WebsiteProperties) = preProject
		Debug.AspNetCompiler.VirtualPath = "/ASPNET20"
		Debug.AspNetCompiler.PhysicalPath = "..\..\..\..\..\..\ASPNET20\"
		Debug.AspNetCompiler.TargetPath = "PrecompiledWeb\ASPNET20\"
		Debug.AspNetCompiler.Updateable = "true"
		Debug.AspNetCompiler.ForceOverwrite = "true"
		Debug.AspNetCompiler.FixedNames = "false"
		Debug.AspNetCompiler.Debug = "True"
		Release.AspNetCompiler.VirtualPath = "/ASPNET20"
		Release.AspNetCompiler.PhysicalPath = "..\..\..\..\..\..\ASPNET20\"
		Release.AspNetCompiler.TargetPath = "PrecompiledWeb\ASPNET20\"
		Release.AspNetCompiler.Updateable = "true"
		Release.AspNetCompiler.ForceOverwrite = "true"
		Release.AspNetCompiler.FixedNames = "false"
		Release.AspNetCompiler.Debug = "False"
		VWDPort = "1391"
	EndProjectSection
EndProject
Global
	GlobalSection(SolutionConfigurationPlatforms) = preSolution
		Debug|.NET = Debug|.NET
	EndGlobalSection
	GlobalSection(ProjectConfigurationPlatforms) = postSolution
		{B5918E1C-593A-4DA0-8A9F-D0DD38AFF8E9}.Debug|.NET.ActiveCfg = Debug|.NET
		{B5918E1C-593A-4DA0-8A9F-D0DD38AFF8E9}.Debug|.NET.Build.0 = Debug|.NET
	EndGlobalSection
	GlobalSection(SolutionProperties) = preSolution
		HideSolutionNode = FALSE
	EndGlobalSection
EndGlobal
