
Microsoft Visual Studio Solution File, Format Version 11.00
# Visual Studio 10
Project("{F184B08F-C81C-45F6-A57F-5ABD9991F28F}") = "GizmoxVisualWebGui_VB", "GizmoxVisualWebGui_VB.vbproj", "{B9498FEB-938C-4629-A7B8-DF8FE2EFB9AB}"
EndProject
Global
	GlobalSection(SolutionConfigurationPlatforms) = preSolution
		Debug|Any CPU = Debug|Any CPU
		Release|Any CPU = Release|Any CPU
	EndGlobalSection
	GlobalSection(ProjectConfigurationPlatforms) = postSolution
		{B9498FEB-938C-4629-A7B8-DF8FE2EFB9AB}.Debug|Any CPU.ActiveCfg = Debug|Any CPU
		{B9498FEB-938C-4629-A7B8-DF8FE2EFB9AB}.Debug|Any CPU.Build.0 = Debug|Any CPU
		{B9498FEB-938C-4629-A7B8-DF8FE2EFB9AB}.Release|Any CPU.ActiveCfg = Release|Any CPU
		{B9498FEB-938C-4629-A7B8-DF8FE2EFB9AB}.Release|Any CPU.Build.0 = Release|Any CPU
	EndGlobalSection
	GlobalSection(SolutionProperties) = preSolution
		HideSolutionNode = FALSE
	EndGlobalSection
EndGlobal
